
Microsoft Visual Studio Solution File, Format Version 12.00
# Visual Studio Version 16
VisualStudioVersion = 16.0.31424.327
MinimumVisualStudioVersion = 10.0.40219.1
Project("{FAE04EC0-301F-11D3-BF4B-00C04F79EFBC}") = "SalesWebMvc", "SalesWebMvc\SalesWebMvc.csproj", "{D098972E-E206-41B8-A35A-3A8A958FFB22}"
EndProject
Global
	GlobalSection(SolutionConfigurationPlatforms) = preSolution
		Debug|Any CPU = Debug|Any CPU
		Release|Any CPU = Release|Any CPU
	EndGlobalSection
	GlobalSection(ProjectConfigurationPlatforms) = postSolution
		{D098972E-E206-41B8-A35A-3A8A958FFB22}.Debug|Any CPU.ActiveCfg = Debug|Any CPU
		{D098972E-E206-41B8-A35A-3A8A958FFB22}.Debug|Any CPU.Build.0 = Debug|Any CPU
		{D098972E-E206-41B8-A35A-3A8A958FFB22}.Release|Any CPU.ActiveCfg = Release|Any CPU
		{D098972E-E206-41B8-A35A-3A8A958FFB22}.Release|Any CPU.Build.0 = Release|Any CPU
	EndGlobalSection
	GlobalSection(SolutionProperties) = preSolution
		HideSolutionNode = FALSE
	EndGlobalSection
	GlobalSection(ExtensibilityGlobals) = postSolution
		SolutionGuid = {A2420153-F74A-4A55-BC39-188173F425AE}
	EndGlobalSection
EndGlobal
